// !$*UTF8*$!
{
	archiveVersion = 1;
	classes = {
	};
	objectVersion = 46;
	objects = {

/* Begin PBXBuildFile section */
		FA7B3A601D8B3E9F00E5E371 /* AppDelegate.swift in Sources */ = {isa = PBXBuildFile; fileRef = FA7B3A5F1D8B3E9F00E5E371 /* AppDelegate.swift */; };
		FA7B3A621D8B3E9F00E5E371 /* ViewController.swift in Sources */ = {isa = PBXBuildFile; fileRef = FA7B3A611D8B3E9F00E5E371 /* ViewController.swift */; };
		FA7B3A651D8B3E9F00E5E371 /* Main.storyboard in Resources */ = {isa = PBXBuildFile; fileRef = FA7B3A631D8B3E9F00E5E371 /* Main.storyboard */; };
		FA7B3A681D8B3E9F00E5E371 /* music_box.xcdatamodeld in Sources */ = {isa = PBXBuildFile; fileRef = FA7B3A661D8B3E9F00E5E371 /* music_box.xcdatamodeld */; };
		FA7B3A6A1D8B3E9F00E5E371 /* Assets.xcassets in Resources */ = {isa = PBXBuildFile; fileRef = FA7B3A691D8B3E9F00E5E371 /* Assets.xcassets */; };
		FA7B3A6D1D8B3E9F00E5E371 /* LaunchScreen.storyboard in Resources */ = {isa = PBXBuildFile; fileRef = FA7B3A6B1D8B3E9F00E5E371 /* LaunchScreen.storyboard */; };
/* End PBXBuildFile section */

/* Begin PBXFileReference section */
		FA7B3A5C1D8B3E9F00E5E371 /* music-box.app */ = {isa = PBXFileReference; explicitFileType = wrapper.application; includeInIndex = 0; path = "music-box.app"; sourceTree = BUILT_PRODUCTS_DIR; };
		FA7B3A5F1D8B3E9F00E5E371 /* AppDelegate.swift */ = {isa = PBXFileReference; lastKnownFileType = sourcecode.swift; path = AppDelegate.swift; sourceTree = "<group>"; };
		FA7B3A611D8B3E9F00E5E371 /* ViewController.swift */ = {isa = PBXFileReference; lastKnownFileType = sourcecode.swift; path = ViewController.swift; sourceTree = "<group>"; };
		FA7B3A641D8B3E9F00E5E371 /* Base */ = {isa = PBXFileReference; lastKnownFileType = file.storyboard; name = Base; path = Base.lproj/Main.storyboard; sourceTree = "<group>"; };
		FA7B3A671D8B3E9F00E5E371 /* music_box.xcdatamodel */ = {isa = PBXFileReference; lastKnownFileType = wrapper.xcdatamodel; path = music_box.xcdatamodel; sourceTree = "<group>"; };
		FA7B3A691D8B3E9F00E5E371 /* Assets.xcassets */ = {isa = PBXFileReference; lastKnownFileType = folder.assetcatalog; path = Assets.xcassets; sourceTree = "<group>"; };
		FA7B3A6C1D8B3E9F00E5E371 /* Base */ = {isa = PBXFileReference; lastKnownFileType = file.storyboard; name = Base; path = Base.lproj/LaunchScreen.storyboard; sourceTree = "<group>"; };
		FA7B3A6E1D8B3E9F00E5E371 /* Info.plist */ = {isa = PBXFileReference; lastKnownFileType = text.plist.xml; path = Info.plist; sourceTree = "<group>"; };
/* End PBXFileReference section */

/* Begin PBXFrameworksBuildPhase section */
		FA7B3A591D8B3E9F00E5E371 /* Frameworks */ = {
			isa = PBXFrameworksBuildPhase;
			buildActionMask = 2147483647;
			files = (
			);
			runOnlyForDeploymentPostprocessing = 0;
		};
/* End PBXFrameworksBuildPhase section */

/* Begin PBXGroup section */
		FA7B3A531D8B3E9F00E5E371 = {
			isa = PBXGroup;
			children = (
				FA7B3A5E1D8B3E9F00E5E371 /* music-box */,
				FA7B3A5D1D8B3E9F00E5E371 /* Products */,
			);
			sourceTree = "<group>";
		};
		FA7B3A5D1D8B3E9F00E5E371 /* Products */ = {
			isa = PBXGroup;
			children = (
				FA7B3A5C1D8B3E9F00E5E371 /* music-box.app */,
			);
			name = Products;
			sourceTree = "<group>";
		};
		FA7B3A5E1D8B3E9F00E5E371 /* music-box */ = {
			isa = PBXGroup;
			children = (
				FA7B3A5F1D8B3E9F00E5E371 /* AppDelegate.swift */,
				FA7B3A611D8B3E9F00E5E371 /* ViewController.swift */,
				FA7B3A631D8B3E9F00E5E371 /* Main.storyboard */,
				FA7B3A691D8B3E9F00E5E371 /* Assets.xcassets */,
				FA7B3A6B1D8B3E9F00E5E371 /* LaunchScreen.storyboard */,
				FA7B3A6E1D8B3E9F00E5E371 /* Info.plist */,
				FA7B3A661D8B3E9F00E5E371 /* music_box.xcdatamodeld */,
			);
			path = "music-box";
			sourceTree = "<group>";
		};
/* End PBXGroup section */

/* Begin PBXNativeTarget section */
		FA7B3A5B1D8B3E9F00E5E371 /* music-box */ = {
			isa = PBXNativeTarget;
			buildConfigurationList = FA7B3A711D8B3E9F00E5E371 /* Build configuration list for PBXNativeTarget "music-box" */;
			buildPhases = (
				FA7B3A581D8B3E9F00E5E371 /* Sources */,
				FA7B3A591D8B3E9F00E5E371 /* Frameworks */,
				FA7B3A5A1D8B3E9F00E5E371 /* Resources */,
			);
			buildRules = (
			);
			dependencies = (
			);
			name = "music-box";
			productName = "music-box";
			productReference = FA7B3A5C1D8B3E9F00E5E371 /* music-box.app */;
			productType = "com.apple.product-type.application";
		};
/* End PBXNativeTarget section */

/* Begin PBXProject section */
		FA7B3A541D8B3E9F00E5E371 /* Project object */ = {
			isa = PBXProject;
			attributes = {
				LastSwiftUpdateCheck = 0730;
				LastUpgradeCheck = 0730;
				ORGANIZATIONNAME = "Jo-Jo Lin";
				TargetAttributes = {
					FA7B3A5B1D8B3E9F00E5E371 = {
						CreatedOnToolsVersion = 7.3.1;
					};
				};
			};
			buildConfigurationList = FA7B3A571D8B3E9F00E5E371 /* Build configuration list for PBXProject "music-box" */;
			compatibilityVersion = "Xcode 3.2";
			developmentRegion = English;
			hasScannedForEncodings = 0;
			knownRegions = (
				en,
				Base,
			);
			mainGroup = FA7B3A531D8B3E9F00E5E371;
			productRefGroup = FA7B3A5D1D8B3E9F00E5E371 /* Products */;
			projectDirPath = "";
			projectRoot = "";
			targets = (
				FA7B3A5B1D8B3E9F00E5E371 /* music-box */,
			);
		};
/* End PBXProject section */

/* Begin PBXResourcesBuildPhase section */
		FA7B3A5A1D8B3E9F00E5E371 /* Resources */ = {
			isa = PBXResourcesBuildPhase;
			buildActionMask = 2147483647;
			files = (
				FA7B3A6D1D8B3E9F00E5E371 /* LaunchScreen.storyboard in Resources */,
				FA7B3A6A1D8B3E9F00E5E371 /* Assets.xcassets in Resources */,
				FA7B3A651D8B3E9F00E5E371 /* Main.storyboard in Resources */,
			);
			runOnlyForDeploymentPostprocessing = 0;
		};
/* End PBXResourcesBuildPhase section */

/* Begin PBXSourcesBuildPhase section */
		FA7B3A581D8B3E9F00E5E371 /* Sources */ = {
			isa = PBXSourcesBuildPhase;
			buildActionMask = 2147483647;
			files = (
				FA7B3A681D8B3E9F00E5E371 /* music_box.xcdatamodeld in Sources */,
				FA7B3A621D8B3E9F00E5E371 /* ViewController.swift in Sources */,
				FA7B3A601D8B3E9F00E5E371 /* AppDelegate.swift in Sources */,
			);
			runOnlyForDeploymentPostprocessing = 0;
		};
/* End PBXSourcesBuildPhase section */

/* Begin PBXVariantGroup section */
		FA7B3A631D8B3E9F00E5E371 /* Main.storyboard */ = {
			isa = PBXVariantGroup;
			children = (
				FA7B3A641D8B3E9F00E5E371 /* Base */,
			);
			name = Main.storyboard;
			sourceTree = "<group>";
		};
		FA7B3A6B1D8B3E9F00E5E371 /* LaunchScreen.storyboard */ = {
			isa = PBXVariantGroup;
			children = (
				FA7B3A6C1D8B3E9F00E5E371 /* Base */,
			);
			name = LaunchScreen.storyboard;
			sourceTree = "<group>";
		};
/* End PBXVariantGroup section */

/* Begin XCBuildConfiguration section */
		FA7B3A6F1D8B3E9F00E5E371 /* Debug */ = {
			isa = XCBuildConfiguration;
			buildSettings = {
				ALWAYS_SEARCH_USER_PATHS = NO;
				CLANG_ANALYZER_NONNULL = YES;
				CLANG_CXX_LANGUAGE_STANDARD = "gnu++0x";
				CLANG_CXX_LIBRARY = "libc++";
				CLANG_ENABLE_MODULES = YES;
				CLANG_ENABLE_OBJC_ARC = YES;
				CLANG_WARN_BOOL_CONVERSION = YES;
				CLANG_WARN_CONSTANT_CONVERSION = YES;
				CLANG_WARN_DIRECT_OBJC_ISA_USAGE = YES_ERROR;
				CLANG_WARN_EMPTY_BODY = YES;
				CLANG_WARN_ENUM_CONVERSION = YES;
				CLANG_WARN_INT_CONVERSION = YES;
				CLANG_WARN_OBJC_ROOT_CLASS = YES_ERROR;
				CLANG_WARN_UNREACHABLE_CODE = YES;
				CLANG_WARN__DUPLICATE_METHOD_MATCH = YES;
				"CODE_SIGN_IDENTITY[sdk=iphoneos*]" = "iPhone Developer";
				COPY_PHASE_STRIP = NO;
				DEBUG_INFORMATION_FORMAT = dwarf;
				ENABLE_STRICT_OBJC_MSGSEND = YES;
				ENABLE_TESTABILITY = YES;
				GCC_C_LANGUAGE_STANDARD = gnu99;
				GCC_DYNAMIC_NO_PIC = NO;
				GCC_NO_COMMON_BLOCKS = YES;
				GCC_OPTIMIZATION_LEVEL = 0;
				GCC_PREPROCESSOR_DEFINITIONS = (
					"DEBUG=1",
					"$(inherited)",
				);
				GCC_WARN_64_TO_32_BIT_CONVERSION = YES;
				GCC_WARN_ABOUT_RETURN_TYPE = YES_ERROR;
				GCC_WARN_UNDECLARED_SELECTOR = YES;
				GCC_WARN_UNINITIALIZED_AUTOS = YES_AGGRESSIVE;
				GCC_WARN_UNUSED_FUNCTION = YES;
				GCC_WARN_UNUSED_VARIABLE = YES;
				IPHONEOS_DEPLOYMENT_TARGET = 9.3;
				MTL_ENABLE_DEBUG_INFO = YES;
				ONLY_ACTIVE_ARCH = YES;
				SDKROOT = iphoneos;
				SWIFT_OPTIMIZATION_LEVEL = "-Onone";
				TARGETED_DEVICE_FAMILY = "1,2";
			};
			name = Debug;
		};
		FA7B3A701D8B3E9F00E5E371 /* Release */ = {
			isa = XCBuildConfiguration;
			buildSettings = {
				ALWAYS_SEARCH_USER_PATHS = NO;
				CLANG_ANALYZER_NONNULL = YES;
				CLANG_CXX_LANGUAGE_STANDARD = "gnu++0x";
				CLANG_CXX_LIBRARY = "libc++";
				CLANG_ENABLE_MODULES = YES;
				CLANG_ENABLE_OBJC_ARC = YES;
				CLANG_WARN_BOOL_CONVERSION = YES;
				CLANG_WARN_CONSTANT_CONVERSION = YES;
				CLANG_WARN_DIRECT_OBJC_ISA_USAGE = YES_ERROR;
				CLANG_WARN_EMPTY_BODY = YES;
				CLANG_WARN_ENUM_CONVERSION = YES;
				CLANG_WARN_INT_CONVERSION = YES;
				CLANG_WARN_OBJC_ROOT_CLASS = YES_ERROR;
				CLANG_WARN_UNREACHABLE_CODE = YES;
				CLANG_WARN__DUPLICATE_METHOD_MATCH = YES;
				"CODE_SIGN_IDENTITY[sdk=iphoneos*]" = "iPhone Developer";
				COPY_PHASE_STRIP = NO;
				DEBUG_INFORMATION_FORMAT = "dwarf-with-dsym";
				ENABLE_NS_ASSERTIONS = NO;
				ENABLE_STRICT_OBJC_MSGSEND = YES;
				GCC_C_LANGUAGE_STANDARD = gnu99;
				GCC_NO_COMMON_BLOCKS = YES;
				GCC_WARN_64_TO_32_BIT_CONVERSION = YES;
				GCC_WARN_ABOUT_RETURN_TYPE = YES_ERROR;
				GCC_WARN_UNDECLARED_SELECTOR = YES;
				GCC_WARN_UNINITIALIZED_AUTOS = YES_AGGRESSIVE;
				GCC_WARN_UNUSED_FUNCTION = YES;
				GCC_WARN_UNUSED_VARIABLE = YES;
				IPHONEOS_DEPLOYMENT_TARGET = 9.3;
				MTL_ENABLE_DEBUG_INFO = NO;
				SDKROOT = iphoneos;
				TARGETED_DEVICE_FAMILY = "1,2";
				VALIDATE_PRODUCT = YES;
			};
			name = Release;
		};
		FA7B3A721D8B3E9F00E5E371 /* Debug */ = {
			isa = XCBuildConfiguration;
			buildSettings = {
				ASSETCATALOG_COMPILER_APPICON_NAME = AppIcon;
				INFOPLIST_FILE = "music-box/Info.plist";
				LD_RUNPATH_SEARCH_PATHS = "$(inherited) @executable_path/Frameworks";
				PRODUCT_BUNDLE_IDENTIFIER = "com.zima.design.music-box";
				PRODUCT_NAME = "$(TARGET_NAME)";
			};
			name = Debug;
		};
		FA7B3A731D8B3E9F00E5E371 /* Release */ = {
			isa = XCBuildConfiguration;
			buildSettings = {
				ASSETCATALOG_COMPILER_APPICON_NAME = AppIcon;
				INFOPLIST_FILE = "music-box/Info.plist";
				LD_RUNPATH_SEARCH_PATHS = "$(inherited) @executable_path/Frameworks";
				PRODUCT_BUNDLE_IDENTIFIER = "com.zima.design.music-box";
				PRODUCT_NAME = "$(TARGET_NAME)";
			};
			name = Release;
		};
/* End XCBuildConfiguration section */

/* Begin XCConfigurationList section */
		FA7B3A571D8B3E9F00E5E371 /* Build configuration list for PBXProject "music-box" */ = {
			isa = XCConfigurationList;
			buildConfigurations = (
				FA7B3A6F1D8B3E9F00E5E371 /* Debug */,
				FA7B3A701D8B3E9F00E5E371 /* Release */,
			);
			defaultConfigurationIsVisible = 0;
			defaultConfigurationName = Release;
		};
		FA7B3A711D8B3E9F00E5E371 /* Build configuration list for PBXNativeTarget "music-box" */ = {
			isa = XCConfigurationList;
			buildConfigurations = (
				FA7B3A721D8B3E9F00E5E371 /* Debug */,
				FA7B3A731D8B3E9F00E5E371 /* Release */,
			);
			defaultConfigurationIsVisible = 0;
		};
/* End XCConfigurationList section */

/* Begin XCVersionGroup section */
		FA7B3A661D8B3E9F00E5E371 /* music_box.xcdatamodeld */ = {
			isa = XCVersionGroup;
			children = (
				FA7B3A671D8B3E9F00E5E371 /* music_box.xcdatamodel */,
			);
			currentVersion = FA7B3A671D8B3E9F00E5E371 /* music_box.xcdatamodel */;
			path = music_box.xcdatamodeld;
			sourceTree = "<group>";
			versionGroupType = wrapper.xcdatamodel;
		};
/* End XCVersionGroup section */
	};
	rootObject = FA7B3A541D8B3E9F00E5E371 /* Project object */;
}
